
Microsoft Visual Studio Solution File, Format Version 12.00
# Visual Studio 15
VisualStudioVersion = 15.0.28010.2003
MinimumVisualStudioVersion = 10.0.40219.1
Project("{9A19103F-16F7-4668-BE54-9A1E7A4F7556}") = "quartzInWebApplication", "WebApplication1\quartzInWebApplication.csproj", "{C866C20A-B9A9-419F-82A7-79E181CD0E27}"
EndProject
Project("{9A19103F-16F7-4668-BE54-9A1E7A4F7556}") = "FluentSchedule", "FluentSchedule\FluentSchedule.csproj", "{FBCF6B65-8573-453E-9889-9EE0D727F5CA}"
EndProject
Project("{9A19103F-16F7-4668-BE54-9A1E7A4F7556}") = "scheduler", "scheduler\scheduler.csproj", "{DDFFA1CC-0718-4D3E-A129-568DBCDA6305}"
EndProject
Project("{9A19103F-16F7-4668-BE54-9A1E7A4F7556}") = "BasicClass", "BasicClass\BasicClass.csproj", "{341F4A70-9935-47E3-B5CB-12C8D9E917E3}"
EndProject
Project("{9A19103F-16F7-4668-BE54-9A1E7A4F7556}") = "DependencyInjection", "DependencyInjection\DependencyInjection.csproj", "{09A92A36-4652-4427-96E3-6F76E84F7E50}"
EndProject
Project("{9A19103F-16F7-4668-BE54-9A1E7A4F7556}") = "Connection", "Connection\Connection.csproj", "{046716F3-622F-4DF3-B834-3B8231A34395}"
EndProject
Project("{9A19103F-16F7-4668-BE54-9A1E7A4F7556}") = "linq", "linq\linq.csproj", "{037DF669-216B-4E0D-AD5B-EF69BFBA3B6D}"
EndProject
Project("{9A19103F-16F7-4668-BE54-9A1E7A4F7556}") = "HCHttpClient", "HCHttpClient\HCHttpClient.csproj", "{0FA14520-8428-431C-9DE0-06C53778A7CA}"
EndProject
Project("{9A19103F-16F7-4668-BE54-9A1E7A4F7556}") = "Utils", "HttpUtils\Utils.csproj", "{BB0D1C8A-A98D-4C51-9276-59AC40948C83}"
EndProject
Project("{9A19103F-16F7-4668-BE54-9A1E7A4F7556}") = "Communicate", "Communicate\Communicate.csproj", "{102A658B-00D6-429E-9A89-048C8648BACB}"
EndProject
Project("{9A19103F-16F7-4668-BE54-9A1E7A4F7556}") = "MVCtest", "MVCtest\MVCtest.csproj", "{E0C4A521-DEA4-41DF-B2F7-DDC7F5E10510}"
EndProject
Project("{9A19103F-16F7-4668-BE54-9A1E7A4F7556}") = "Thread1", "Thread1\Thread1.csproj", "{757CCB20-0998-4392-982C-F7907B9FB885}"
EndProject
Project("{9A19103F-16F7-4668-BE54-9A1E7A4F7556}") = "ScheduleTest", "ScheduleTest\ScheduleTest.csproj", "{E1BA6F78-8424-4FFB-BF8D-9F549A243F61}"
EndProject
Project("{9A19103F-16F7-4668-BE54-9A1E7A4F7556}") = "MultipleThread", "MultipleThread\MultipleThread.csproj", "{31385666-50A6-4195-86D7-F209362CE5E1}"
EndProject
Project("{9A19103F-16F7-4668-BE54-9A1E7A4F7556}") = "TaskWeb", "TaskWeb\TaskWeb.csproj", "{7DACED3F-0A3C-4152-A6EB-BD5CF3E9CBAD}"
EndProject
Project("{9A19103F-16F7-4668-BE54-9A1E7A4F7556}") = "TaskConsole", "TaskConsole\TaskConsole.csproj", "{2BFFF0CD-C9D7-4821-AE87-FA91F9AA31A4}"
EndProject
Project("{9A19103F-16F7-4668-BE54-9A1E7A4F7556}") = "EntityFramework1", "EntityFramework1\EntityFramework1.csproj", "{806EBF14-BE8A-4439-87A9-176ADC898F64}"
EndProject
Project("{FAE04EC0-301F-11D3-BF4B-00C04F79EFBC}") = "Wechat", "Wechat\Wechat.csproj", "{3488D3E8-D5D5-4C71-B65F-3E8BF251F401}"
EndProject
Global
	GlobalSection(SolutionConfigurationPlatforms) = preSolution
		Debug|Any CPU = Debug|Any CPU
		Debug|x64 = Debug|x64
		Debug|x86 = Debug|x86
		Release|Any CPU = Release|Any CPU
		Release|x64 = Release|x64
		Release|x86 = Release|x86
	EndGlobalSection
	GlobalSection(ProjectConfigurationPlatforms) = postSolution
		{C866C20A-B9A9-419F-82A7-79E181CD0E27}.Debug|Any CPU.ActiveCfg = Debug|Any CPU
		{C866C20A-B9A9-419F-82A7-79E181CD0E27}.Debug|Any CPU.Build.0 = Debug|Any CPU
		{C866C20A-B9A9-419F-82A7-79E181CD0E27}.Debug|x64.ActiveCfg = Debug|Any CPU
		{C866C20A-B9A9-419F-82A7-79E181CD0E27}.Debug|x64.Build.0 = Debug|Any CPU
		{C866C20A-B9A9-419F-82A7-79E181CD0E27}.Debug|x86.ActiveCfg = Debug|Any CPU
		{C866C20A-B9A9-419F-82A7-79E181CD0E27}.Debug|x86.Build.0 = Debug|Any CPU
		{C866C20A-B9A9-419F-82A7-79E181CD0E27}.Release|Any CPU.ActiveCfg = Release|Any CPU
		{C866C20A-B9A9-419F-82A7-79E181CD0E27}.Release|Any CPU.Build.0 = Release|Any CPU
		{C866C20A-B9A9-419F-82A7-79E181CD0E27}.Release|x64.ActiveCfg = Release|Any CPU
		{C866C20A-B9A9-419F-82A7-79E181CD0E27}.Release|x64.Build.0 = Release|Any CPU
		{C866C20A-B9A9-419F-82A7-79E181CD0E27}.Release|x86.ActiveCfg = Release|Any CPU
		{C866C20A-B9A9-419F-82A7-79E181CD0E27}.Release|x86.Build.0 = Release|Any CPU
		{FBCF6B65-8573-453E-9889-9EE0D727F5CA}.Debug|Any CPU.ActiveCfg = Debug|Any CPU
		{FBCF6B65-8573-453E-9889-9EE0D727F5CA}.Debug|Any CPU.Build.0 = Debug|Any CPU
		{FBCF6B65-8573-453E-9889-9EE0D727F5CA}.Debug|x64.ActiveCfg = Debug|Any CPU
		{FBCF6B65-8573-453E-9889-9EE0D727F5CA}.Debug|x64.Build.0 = Debug|Any CPU
		{FBCF6B65-8573-453E-9889-9EE0D727F5CA}.Debug|x86.ActiveCfg = Debug|Any CPU
		{FBCF6B65-8573-453E-9889-9EE0D727F5CA}.Debug|x86.Build.0 = Debug|Any CPU
		{FBCF6B65-8573-453E-9889-9EE0D727F5CA}.Release|Any CPU.ActiveCfg = Release|Any CPU
		{FBCF6B65-8573-453E-9889-9EE0D727F5CA}.Release|Any CPU.Build.0 = Release|Any CPU
		{FBCF6B65-8573-453E-9889-9EE0D727F5CA}.Release|x64.ActiveCfg = Release|Any CPU
		{FBCF6B65-8573-453E-9889-9EE0D727F5CA}.Release|x64.Build.0 = Release|Any CPU
		{FBCF6B65-8573-453E-9889-9EE0D727F5CA}.Release|x86.ActiveCfg = Release|Any CPU
		{FBCF6B65-8573-453E-9889-9EE0D727F5CA}.Release|x86.Build.0 = Release|Any CPU
		{DDFFA1CC-0718-4D3E-A129-568DBCDA6305}.Debug|Any CPU.ActiveCfg = Debug|Any CPU
		{DDFFA1CC-0718-4D3E-A129-568DBCDA6305}.Debug|Any CPU.Build.0 = Debug|Any CPU
		{DDFFA1CC-0718-4D3E-A129-568DBCDA6305}.Debug|x64.ActiveCfg = Debug|Any CPU
		{DDFFA1CC-0718-4D3E-A129-568DBCDA6305}.Debug|x64.Build.0 = Debug|Any CPU
		{DDFFA1CC-0718-4D3E-A129-568DBCDA6305}.Debug|x86.ActiveCfg = Debug|Any CPU
		{DDFFA1CC-0718-4D3E-A129-568DBCDA6305}.Debug|x86.Build.0 = Debug|Any CPU
		{DDFFA1CC-0718-4D3E-A129-568DBCDA6305}.Release|Any CPU.ActiveCfg = Release|Any CPU
		{DDFFA1CC-0718-4D3E-A129-568DBCDA6305}.Release|Any CPU.Build.0 = Release|Any CPU
		{DDFFA1CC-0718-4D3E-A129-568DBCDA6305}.Release|x64.ActiveCfg = Release|Any CPU
		{DDFFA1CC-0718-4D3E-A129-568DBCDA6305}.Release|x64.Build.0 = Release|Any CPU
		{DDFFA1CC-0718-4D3E-A129-568DBCDA6305}.Release|x86.ActiveCfg = Release|Any CPU
		{DDFFA1CC-0718-4D3E-A129-568DBCDA6305}.Release|x86.Build.0 = Release|Any CPU
		{341F4A70-9935-47E3-B5CB-12C8D9E917E3}.Debug|Any CPU.ActiveCfg = Debug|Any CPU
		{341F4A70-9935-47E3-B5CB-12C8D9E917E3}.Debug|Any CPU.Build.0 = Debug|Any CPU
		{341F4A70-9935-47E3-B5CB-12C8D9E917E3}.Debug|x64.ActiveCfg = Debug|Any CPU
		{341F4A70-9935-47E3-B5CB-12C8D9E917E3}.Debug|x64.Build.0 = Debug|Any CPU
		{341F4A70-9935-47E3-B5CB-12C8D9E917E3}.Debug|x86.ActiveCfg = Debug|Any CPU
		{341F4A70-9935-47E3-B5CB-12C8D9E917E3}.Debug|x86.Build.0 = Debug|Any CPU
		{341F4A70-9935-47E3-B5CB-12C8D9E917E3}.Release|Any CPU.ActiveCfg = Release|Any CPU
		{341F4A70-9935-47E3-B5CB-12C8D9E917E3}.Release|Any CPU.Build.0 = Release|Any CPU
		{341F4A70-9935-47E3-B5CB-12C8D9E917E3}.Release|x64.ActiveCfg = Release|Any CPU
		{341F4A70-9935-47E3-B5CB-12C8D9E917E3}.Release|x64.Build.0 = Release|Any CPU
		{341F4A70-9935-47E3-B5CB-12C8D9E917E3}.Release|x86.ActiveCfg = Release|Any CPU
		{341F4A70-9935-47E3-B5CB-12C8D9E917E3}.Release|x86.Build.0 = Release|Any CPU
		{09A92A36-4652-4427-96E3-6F76E84F7E50}.Debug|Any CPU.ActiveCfg = Debug|Any CPU
		{09A92A36-4652-4427-96E3-6F76E84F7E50}.Debug|Any CPU.Build.0 = Debug|Any CPU
		{09A92A36-4652-4427-96E3-6F76E84F7E50}.Debug|x64.ActiveCfg = Debug|Any CPU
		{09A92A36-4652-4427-96E3-6F76E84F7E50}.Debug|x64.Build.0 = Debug|Any CPU
		{09A92A36-4652-4427-96E3-6F76E84F7E50}.Debug|x86.ActiveCfg = Debug|Any CPU
		{09A92A36-4652-4427-96E3-6F76E84F7E50}.Debug|x86.Build.0 = Debug|Any CPU
		{09A92A36-4652-4427-96E3-6F76E84F7E50}.Release|Any CPU.ActiveCfg = Release|Any CPU
		{09A92A36-4652-4427-96E3-6F76E84F7E50}.Release|Any CPU.Build.0 = Release|Any CPU
		{09A92A36-4652-4427-96E3-6F76E84F7E50}.Release|x64.ActiveCfg = Release|Any CPU
		{09A92A36-4652-4427-96E3-6F76E84F7E50}.Release|x64.Build.0 = Release|Any CPU
		{09A92A36-4652-4427-96E3-6F76E84F7E50}.Release|x86.ActiveCfg = Release|Any CPU
		{09A92A36-4652-4427-96E3-6F76E84F7E50}.Release|x86.Build.0 = Release|Any CPU
		{046716F3-622F-4DF3-B834-3B8231A34395}.Debug|Any CPU.ActiveCfg = Debug|Any CPU
		{046716F3-622F-4DF3-B834-3B8231A34395}.Debug|Any CPU.Build.0 = Debug|Any CPU
		{046716F3-622F-4DF3-B834-3B8231A34395}.Debug|x64.ActiveCfg = Debug|Any CPU
		{046716F3-622F-4DF3-B834-3B8231A34395}.Debug|x64.Build.0 = Debug|Any CPU
		{046716F3-622F-4DF3-B834-3B8231A34395}.Debug|x86.ActiveCfg = Debug|Any CPU
		{046716F3-622F-4DF3-B834-3B8231A34395}.Debug|x86.Build.0 = Debug|Any CPU
		{046716F3-622F-4DF3-B834-3B8231A34395}.Release|Any CPU.ActiveCfg = Release|Any CPU
		{046716F3-622F-4DF3-B834-3B8231A34395}.Release|Any CPU.Build.0 = Release|Any CPU
		{046716F3-622F-4DF3-B834-3B8231A34395}.Release|x64.ActiveCfg = Release|Any CPU
		{046716F3-622F-4DF3-B834-3B8231A34395}.Release|x64.Build.0 = Release|Any CPU
		{046716F3-622F-4DF3-B834-3B8231A34395}.Release|x86.ActiveCfg = Release|Any CPU
		{046716F3-622F-4DF3-B834-3B8231A34395}.Release|x86.Build.0 = Release|Any CPU
		{037DF669-216B-4E0D-AD5B-EF69BFBA3B6D}.Debug|Any CPU.ActiveCfg = Debug|Any CPU
		{037DF669-216B-4E0D-AD5B-EF69BFBA3B6D}.Debug|Any CPU.Build.0 = Debug|Any CPU
		{037DF669-216B-4E0D-AD5B-EF69BFBA3B6D}.Debug|x64.ActiveCfg = Debug|Any CPU
		{037DF669-216B-4E0D-AD5B-EF69BFBA3B6D}.Debug|x64.Build.0 = Debug|Any CPU
		{037DF669-216B-4E0D-AD5B-EF69BFBA3B6D}.Debug|x86.ActiveCfg = Debug|Any CPU
		{037DF669-216B-4E0D-AD5B-EF69BFBA3B6D}.Debug|x86.Build.0 = Debug|Any CPU
		{037DF669-216B-4E0D-AD5B-EF69BFBA3B6D}.Release|Any CPU.ActiveCfg = Release|Any CPU
		{037DF669-216B-4E0D-AD5B-EF69BFBA3B6D}.Release|Any CPU.Build.0 = Release|Any CPU
		{037DF669-216B-4E0D-AD5B-EF69BFBA3B6D}.Release|x64.ActiveCfg = Release|Any CPU
		{037DF669-216B-4E0D-AD5B-EF69BFBA3B6D}.Release|x64.Build.0 = Release|Any CPU
		{037DF669-216B-4E0D-AD5B-EF69BFBA3B6D}.Release|x86.ActiveCfg = Release|Any CPU
		{037DF669-216B-4E0D-AD5B-EF69BFBA3B6D}.Release|x86.Build.0 = Release|Any CPU
		{0FA14520-8428-431C-9DE0-06C53778A7CA}.Debug|Any CPU.ActiveCfg = Debug|Any CPU
		{0FA14520-8428-431C-9DE0-06C53778A7CA}.Debug|Any CPU.Build.0 = Debug|Any CPU
		{0FA14520-8428-431C-9DE0-06C53778A7CA}.Debug|x64.ActiveCfg = Debug|Any CPU
		{0FA14520-8428-431C-9DE0-06C53778A7CA}.Debug|x64.Build.0 = Debug|Any CPU
		{0FA14520-8428-431C-9DE0-06C53778A7CA}.Debug|x86.ActiveCfg = Debug|Any CPU
		{0FA14520-8428-431C-9DE0-06C53778A7CA}.Debug|x86.Build.0 = Debug|Any CPU
		{0FA14520-8428-431C-9DE0-06C53778A7CA}.Release|Any CPU.ActiveCfg = Release|Any CPU
		{0FA14520-8428-431C-9DE0-06C53778A7CA}.Release|Any CPU.Build.0 = Release|Any CPU
		{0FA14520-8428-431C-9DE0-06C53778A7CA}.Release|x64.ActiveCfg = Release|Any CPU
		{0FA14520-8428-431C-9DE0-06C53778A7CA}.Release|x64.Build.0 = Release|Any CPU
		{0FA14520-8428-431C-9DE0-06C53778A7CA}.Release|x86.ActiveCfg = Release|Any CPU
		{0FA14520-8428-431C-9DE0-06C53778A7CA}.Release|x86.Build.0 = Release|Any CPU
		{BB0D1C8A-A98D-4C51-9276-59AC40948C83}.Debug|Any CPU.ActiveCfg = Debug|Any CPU
		{BB0D1C8A-A98D-4C51-9276-59AC40948C83}.Debug|Any CPU.Build.0 = Debug|Any CPU
		{BB0D1C8A-A98D-4C51-9276-59AC40948C83}.Debug|x64.ActiveCfg = Debug|Any CPU
		{BB0D1C8A-A98D-4C51-9276-59AC40948C83}.Debug|x64.Build.0 = Debug|Any CPU
		{BB0D1C8A-A98D-4C51-9276-59AC40948C83}.Debug|x86.ActiveCfg = Debug|Any CPU
		{BB0D1C8A-A98D-4C51-9276-59AC40948C83}.Debug|x86.Build.0 = Debug|Any CPU
		{BB0D1C8A-A98D-4C51-9276-59AC40948C83}.Release|Any CPU.ActiveCfg = Release|Any CPU
		{BB0D1C8A-A98D-4C51-9276-59AC40948C83}.Release|Any CPU.Build.0 = Release|Any CPU
		{BB0D1C8A-A98D-4C51-9276-59AC40948C83}.Release|x64.ActiveCfg = Release|Any CPU
		{BB0D1C8A-A98D-4C51-9276-59AC40948C83}.Release|x64.Build.0 = Release|Any CPU
		{BB0D1C8A-A98D-4C51-9276-59AC40948C83}.Release|x86.ActiveCfg = Release|Any CPU
		{BB0D1C8A-A98D-4C51-9276-59AC40948C83}.Release|x86.Build.0 = Release|Any CPU
		{102A658B-00D6-429E-9A89-048C8648BACB}.Debug|Any CPU.ActiveCfg = Debug|Any CPU
		{102A658B-00D6-429E-9A89-048C8648BACB}.Debug|Any CPU.Build.0 = Debug|Any CPU
		{102A658B-00D6-429E-9A89-048C8648BACB}.Debug|x64.ActiveCfg = Debug|Any CPU
		{102A658B-00D6-429E-9A89-048C8648BACB}.Debug|x64.Build.0 = Debug|Any CPU
		{102A658B-00D6-429E-9A89-048C8648BACB}.Debug|x86.ActiveCfg = Debug|Any CPU
		{102A658B-00D6-429E-9A89-048C8648BACB}.Debug|x86.Build.0 = Debug|Any CPU
		{102A658B-00D6-429E-9A89-048C8648BACB}.Release|Any CPU.ActiveCfg = Release|Any CPU
		{102A658B-00D6-429E-9A89-048C8648BACB}.Release|Any CPU.Build.0 = Release|Any CPU
		{102A658B-00D6-429E-9A89-048C8648BACB}.Release|x64.ActiveCfg = Release|Any CPU
		{102A658B-00D6-429E-9A89-048C8648BACB}.Release|x64.Build.0 = Release|Any CPU
		{102A658B-00D6-429E-9A89-048C8648BACB}.Release|x86.ActiveCfg = Release|Any CPU
		{102A658B-00D6-429E-9A89-048C8648BACB}.Release|x86.Build.0 = Release|Any CPU
		{E0C4A521-DEA4-41DF-B2F7-DDC7F5E10510}.Debug|Any CPU.ActiveCfg = Debug|Any CPU
		{E0C4A521-DEA4-41DF-B2F7-DDC7F5E10510}.Debug|Any CPU.Build.0 = Debug|Any CPU
		{E0C4A521-DEA4-41DF-B2F7-DDC7F5E10510}.Debug|x64.ActiveCfg = Debug|Any CPU
		{E0C4A521-DEA4-41DF-B2F7-DDC7F5E10510}.Debug|x64.Build.0 = Debug|Any CPU
		{E0C4A521-DEA4-41DF-B2F7-DDC7F5E10510}.Debug|x86.ActiveCfg = Debug|Any CPU
		{E0C4A521-DEA4-41DF-B2F7-DDC7F5E10510}.Debug|x86.Build.0 = Debug|Any CPU
		{E0C4A521-DEA4-41DF-B2F7-DDC7F5E10510}.Release|Any CPU.ActiveCfg = Release|Any CPU
		{E0C4A521-DEA4-41DF-B2F7-DDC7F5E10510}.Release|Any CPU.Build.0 = Release|Any CPU
		{E0C4A521-DEA4-41DF-B2F7-DDC7F5E10510}.Release|x64.ActiveCfg = Release|Any CPU
		{E0C4A521-DEA4-41DF-B2F7-DDC7F5E10510}.Release|x64.Build.0 = Release|Any CPU
		{E0C4A521-DEA4-41DF-B2F7-DDC7F5E10510}.Release|x86.ActiveCfg = Release|Any CPU
		{E0C4A521-DEA4-41DF-B2F7-DDC7F5E10510}.Release|x86.Build.0 = Release|Any CPU
		{757CCB20-0998-4392-982C-F7907B9FB885}.Debug|Any CPU.ActiveCfg = Debug|Any CPU
		{757CCB20-0998-4392-982C-F7907B9FB885}.Debug|Any CPU.Build.0 = Debug|Any CPU
		{757CCB20-0998-4392-982C-F7907B9FB885}.Debug|x64.ActiveCfg = Debug|Any CPU
		{757CCB20-0998-4392-982C-F7907B9FB885}.Debug|x64.Build.0 = Debug|Any CPU
		{757CCB20-0998-4392-982C-F7907B9FB885}.Debug|x86.ActiveCfg = Debug|Any CPU
		{757CCB20-0998-4392-982C-F7907B9FB885}.Debug|x86.Build.0 = Debug|Any CPU
		{757CCB20-0998-4392-982C-F7907B9FB885}.Release|Any CPU.ActiveCfg = Release|Any CPU
		{757CCB20-0998-4392-982C-F7907B9FB885}.Release|Any CPU.Build.0 = Release|Any CPU
		{757CCB20-0998-4392-982C-F7907B9FB885}.Release|x64.ActiveCfg = Release|Any CPU
		{757CCB20-0998-4392-982C-F7907B9FB885}.Release|x64.Build.0 = Release|Any CPU
		{757CCB20-0998-4392-982C-F7907B9FB885}.Release|x86.ActiveCfg = Release|Any CPU
		{757CCB20-0998-4392-982C-F7907B9FB885}.Release|x86.Build.0 = Release|Any CPU
		{E1BA6F78-8424-4FFB-BF8D-9F549A243F61}.Debug|Any CPU.ActiveCfg = Debug|Any CPU
		{E1BA6F78-8424-4FFB-BF8D-9F549A243F61}.Debug|Any CPU.Build.0 = Debug|Any CPU
		{E1BA6F78-8424-4FFB-BF8D-9F549A243F61}.Debug|x64.ActiveCfg = Debug|Any CPU
		{E1BA6F78-8424-4FFB-BF8D-9F549A243F61}.Debug|x64.Build.0 = Debug|Any CPU
		{E1BA6F78-8424-4FFB-BF8D-9F549A243F61}.Debug|x86.ActiveCfg = Debug|Any CPU
		{E1BA6F78-8424-4FFB-BF8D-9F549A243F61}.Debug|x86.Build.0 = Debug|Any CPU
		{E1BA6F78-8424-4FFB-BF8D-9F549A243F61}.Release|Any CPU.ActiveCfg = Release|Any CPU
		{E1BA6F78-8424-4FFB-BF8D-9F549A243F61}.Release|Any CPU.Build.0 = Release|Any CPU
		{E1BA6F78-8424-4FFB-BF8D-9F549A243F61}.Release|x64.ActiveCfg = Release|Any CPU
		{E1BA6F78-8424-4FFB-BF8D-9F549A243F61}.Release|x64.Build.0 = Release|Any CPU
		{E1BA6F78-8424-4FFB-BF8D-9F549A243F61}.Release|x86.ActiveCfg = Release|Any CPU
		{E1BA6F78-8424-4FFB-BF8D-9F549A243F61}.Release|x86.Build.0 = Release|Any CPU
		{31385666-50A6-4195-86D7-F209362CE5E1}.Debug|Any CPU.ActiveCfg = Debug|Any CPU
		{31385666-50A6-4195-86D7-F209362CE5E1}.Debug|Any CPU.Build.0 = Debug|Any CPU
		{31385666-50A6-4195-86D7-F209362CE5E1}.Debug|x64.ActiveCfg = Debug|Any CPU
		{31385666-50A6-4195-86D7-F209362CE5E1}.Debug|x64.Build.0 = Debug|Any CPU
		{31385666-50A6-4195-86D7-F209362CE5E1}.Debug|x86.ActiveCfg = Debug|Any CPU
		{31385666-50A6-4195-86D7-F209362CE5E1}.Debug|x86.Build.0 = Debug|Any CPU
		{31385666-50A6-4195-86D7-F209362CE5E1}.Release|Any CPU.ActiveCfg = Release|Any CPU
		{31385666-50A6-4195-86D7-F209362CE5E1}.Release|Any CPU.Build.0 = Release|Any CPU
		{31385666-50A6-4195-86D7-F209362CE5E1}.Release|x64.ActiveCfg = Release|Any CPU
		{31385666-50A6-4195-86D7-F209362CE5E1}.Release|x64.Build.0 = Release|Any CPU
		{31385666-50A6-4195-86D7-F209362CE5E1}.Release|x86.ActiveCfg = Release|Any CPU
		{31385666-50A6-4195-86D7-F209362CE5E1}.Release|x86.Build.0 = Release|Any CPU
		{7DACED3F-0A3C-4152-A6EB-BD5CF3E9CBAD}.Debug|Any CPU.ActiveCfg = Debug|Any CPU
		{7DACED3F-0A3C-4152-A6EB-BD5CF3E9CBAD}.Debug|Any CPU.Build.0 = Debug|Any CPU
		{7DACED3F-0A3C-4152-A6EB-BD5CF3E9CBAD}.Debug|x64.ActiveCfg = Debug|Any CPU
		{7DACED3F-0A3C-4152-A6EB-BD5CF3E9CBAD}.Debug|x64.Build.0 = Debug|Any CPU
		{7DACED3F-0A3C-4152-A6EB-BD5CF3E9CBAD}.Debug|x86.ActiveCfg = Debug|Any CPU
		{7DACED3F-0A3C-4152-A6EB-BD5CF3E9CBAD}.Debug|x86.Build.0 = Debug|Any CPU
		{7DACED3F-0A3C-4152-A6EB-BD5CF3E9CBAD}.Release|Any CPU.ActiveCfg = Release|Any CPU
		{7DACED3F-0A3C-4152-A6EB-BD5CF3E9CBAD}.Release|Any CPU.Build.0 = Release|Any CPU
		{7DACED3F-0A3C-4152-A6EB-BD5CF3E9CBAD}.Release|x64.ActiveCfg = Release|Any CPU
		{7DACED3F-0A3C-4152-A6EB-BD5CF3E9CBAD}.Release|x64.Build.0 = Release|Any CPU
		{7DACED3F-0A3C-4152-A6EB-BD5CF3E9CBAD}.Release|x86.ActiveCfg = Release|Any CPU
		{7DACED3F-0A3C-4152-A6EB-BD5CF3E9CBAD}.Release|x86.Build.0 = Release|Any CPU
		{2BFFF0CD-C9D7-4821-AE87-FA91F9AA31A4}.Debug|Any CPU.ActiveCfg = Debug|Any CPU
		{2BFFF0CD-C9D7-4821-AE87-FA91F9AA31A4}.Debug|Any CPU.Build.0 = Debug|Any CPU
		{2BFFF0CD-C9D7-4821-AE87-FA91F9AA31A4}.Debug|x64.ActiveCfg = Debug|Any CPU
		{2BFFF0CD-C9D7-4821-AE87-FA91F9AA31A4}.Debug|x64.Build.0 = Debug|Any CPU
		{2BFFF0CD-C9D7-4821-AE87-FA91F9AA31A4}.Debug|x86.ActiveCfg = Debug|Any CPU
		{2BFFF0CD-C9D7-4821-AE87-FA91F9AA31A4}.Debug|x86.Build.0 = Debug|Any CPU
		{2BFFF0CD-C9D7-4821-AE87-FA91F9AA31A4}.Release|Any CPU.ActiveCfg = Release|Any CPU
		{2BFFF0CD-C9D7-4821-AE87-FA91F9AA31A4}.Release|Any CPU.Build.0 = Release|Any CPU
		{2BFFF0CD-C9D7-4821-AE87-FA91F9AA31A4}.Release|x64.ActiveCfg = Release|Any CPU
		{2BFFF0CD-C9D7-4821-AE87-FA91F9AA31A4}.Release|x64.Build.0 = Release|Any CPU
		{2BFFF0CD-C9D7-4821-AE87-FA91F9AA31A4}.Release|x86.ActiveCfg = Release|Any CPU
		{2BFFF0CD-C9D7-4821-AE87-FA91F9AA31A4}.Release|x86.Build.0 = Release|Any CPU
		{806EBF14-BE8A-4439-87A9-176ADC898F64}.Debug|Any CPU.ActiveCfg = Debug|Any CPU
		{806EBF14-BE8A-4439-87A9-176ADC898F64}.Debug|Any CPU.Build.0 = Debug|Any CPU
		{806EBF14-BE8A-4439-87A9-176ADC898F64}.Debug|x64.ActiveCfg = Debug|Any CPU
		{806EBF14-BE8A-4439-87A9-176ADC898F64}.Debug|x64.Build.0 = Debug|Any CPU
		{806EBF14-BE8A-4439-87A9-176ADC898F64}.Debug|x86.ActiveCfg = Debug|Any CPU
		{806EBF14-BE8A-4439-87A9-176ADC898F64}.Debug|x86.Build.0 = Debug|Any CPU
		{806EBF14-BE8A-4439-87A9-176ADC898F64}.Release|Any CPU.ActiveCfg = Release|Any CPU
		{806EBF14-BE8A-4439-87A9-176ADC898F64}.Release|Any CPU.Build.0 = Release|Any CPU
		{806EBF14-BE8A-4439-87A9-176ADC898F64}.Release|x64.ActiveCfg = Release|Any CPU
		{806EBF14-BE8A-4439-87A9-176ADC898F64}.Release|x64.Build.0 = Release|Any CPU
		{806EBF14-BE8A-4439-87A9-176ADC898F64}.Release|x86.ActiveCfg = Release|Any CPU
		{806EBF14-BE8A-4439-87A9-176ADC898F64}.Release|x86.Build.0 = Release|Any CPU
		{3488D3E8-D5D5-4C71-B65F-3E8BF251F401}.Debug|Any CPU.ActiveCfg = Debug|Any CPU
		{3488D3E8-D5D5-4C71-B65F-3E8BF251F401}.Debug|Any CPU.Build.0 = Debug|Any CPU
		{3488D3E8-D5D5-4C71-B65F-3E8BF251F401}.Debug|x64.ActiveCfg = Debug|Any CPU
		{3488D3E8-D5D5-4C71-B65F-3E8BF251F401}.Debug|x64.Build.0 = Debug|Any CPU
		{3488D3E8-D5D5-4C71-B65F-3E8BF251F401}.Debug|x86.ActiveCfg = Debug|Any CPU
		{3488D3E8-D5D5-4C71-B65F-3E8BF251F401}.Debug|x86.Build.0 = Debug|Any CPU
		{3488D3E8-D5D5-4C71-B65F-3E8BF251F401}.Release|Any CPU.ActiveCfg = Release|Any CPU
		{3488D3E8-D5D5-4C71-B65F-3E8BF251F401}.Release|Any CPU.Build.0 = Release|Any CPU
		{3488D3E8-D5D5-4C71-B65F-3E8BF251F401}.Release|x64.ActiveCfg = Release|Any CPU
		{3488D3E8-D5D5-4C71-B65F-3E8BF251F401}.Release|x64.Build.0 = Release|Any CPU
		{3488D3E8-D5D5-4C71-B65F-3E8BF251F401}.Release|x86.ActiveCfg = Release|Any CPU
		{3488D3E8-D5D5-4C71-B65F-3E8BF251F401}.Release|x86.Build.0 = Release|Any CPU
	EndGlobalSection
	GlobalSection(SolutionProperties) = preSolution
		HideSolutionNode = FALSE
	EndGlobalSection
	GlobalSection(ExtensibilityGlobals) = postSolution
		SolutionGuid = {36DB2BCB-6C90-492C-BF55-508A5B2B4045}
	EndGlobalSection
EndGlobal
